
Microsoft Visual Studio Solution File, Format Version 12.00
# Visual Studio Version 17
VisualStudioVersion = 17.2.32616.157
MinimumVisualStudioVersion = 10.0.40219.1
Project("{FAE04EC0-301F-11D3-BF4B-00C04F79EFBC}") = "AppointmentBookSystem", "AppointmentBookSystem\AppointmentBookSystem.csproj", "{218C93D7-9A13-4B33-8304-129D33F12263}"
EndProject
Global
	GlobalSection(SolutionConfigurationPlatforms) = preSolution
		Debug|Any CPU = Debug|Any CPU
		Release|Any CPU = Release|Any CPU
	EndGlobalSection
	GlobalSection(ProjectConfigurationPlatforms) = postSolution
		{218C93D7-9A13-4B33-8304-129D33F12263}.Debug|Any CPU.ActiveCfg = Debug|Any CPU
		{218C93D7-9A13-4B33-8304-129D33F12263}.Debug|Any CPU.Build.0 = Debug|Any CPU
		{218C93D7-9A13-4B33-8304-129D33F12263}.Release|Any CPU.ActiveCfg = Release|Any CPU
		{218C93D7-9A13-4B33-8304-129D33F12263}.Release|Any CPU.Build.0 = Release|Any CPU
	EndGlobalSection
	GlobalSection(SolutionProperties) = preSolution
		HideSolutionNode = FALSE
	EndGlobalSection
	GlobalSection(ExtensibilityGlobals) = postSolution
		SolutionGuid = {C92598AA-1BAE-4196-9E55-ED21AC717460}
	EndGlobalSection
EndGlobal
